{
  "requires": true,
  "lockfileVersion": 1,
  "dependencies": {
    "facefilter": {
      "version": "1.2.7",
      "resolved": "https://registry.npmjs.org/facefilter/-/facefilter-1.2.7.tgz",
      "integrity": "sha512-uTylgTPm/6Qi5ihh1InMl/aQwSxdoH2nvCvY83Z9xiiLvUZBA1HisDGMH3i3OTPZ9qsaf0ONkIw8o/k4kKEAFQ=="
    },
    "labsfilter": {
      "version": "1.0.2",
      "resolved": "https://registry.npmjs.org/labsfilter/-/labsfilter-1.0.2.tgz",
      "integrity": "sha512-jswCy+VF7MX8l6o5swVDCfNBmtJHkRAV17/NofxAf/dzw9vmLgoHXwEq5Cg6qFgrxZoTnK7uMQt3CCi1TG1iLA==",
      "requires": {
        "facefilter": "^1.2.7",
        "three": "^0.117.1"
      }
    },
    "three": {
      "version": "0.117.1",
      "resolved": "https://registry.npmjs.org/three/-/three-0.117.1.tgz",
      "integrity": "sha512-t4zeJhlNzUIj9+ub0l6nICVimSuRTZJOqvk3Rmlu+YGdTOJ49Wna8p7aumpkXJakJfITiybfpYE1XN1o1Z34UQ=="
    }
  }
}
